// !$*UTF8*$!
{
	archiveVersion = 1;
	classes = {
	};
	objectVersion = 50;
	objects = {

/* Begin PBXBuildFile section */
		4E2FE1DD24364D900010BD4F /* AppDelegate.swift in Sources */ = {isa = PBXBuildFile; fileRef = 4E2FE1DC24364D900010BD4F /* AppDelegate.swift */; };
		4E2FE1DF24364D900010BD4F /* SceneDelegate.swift in Sources */ = {isa = PBXBuildFile; fileRef = 4E2FE1DE24364D900010BD4F /* SceneDelegate.swift */; };
		4E2FE1E124364D900010BD4F /* MenuViewController.swift in Sources */ = {isa = PBXBuildFile; fileRef = 4E2FE1E024364D900010BD4F /* MenuViewController.swift */; };
		4E2FE1E424364D900010BD4F /* Main.storyboard in Resources */ = {isa = PBXBuildFile; fileRef = 4E2FE1E224364D900010BD4F /* Main.storyboard */; };
		4E2FE1E624364D940010BD4F /* Assets.xcassets in Resources */ = {isa = PBXBuildFile; fileRef = 4E2FE1E524364D940010BD4F /* Assets.xcassets */; };
		4E2FE1E924364D940010BD4F /* LaunchScreen.storyboard in Resources */ = {isa = PBXBuildFile; fileRef = 4E2FE1E724364D940010BD4F /* LaunchScreen.storyboard */; };
		4E2FE1F4243661AB0010BD4F /* GatunkiPiwa.swift in Sources */ = {isa = PBXBuildFile; fileRef = 4E2FE1F3243661AB0010BD4F /* GatunkiPiwa.swift */; };
		4E2FE1F82436648E0010BD4F /* GatunekPiwa.swift in Sources */ = {isa = PBXBuildFile; fileRef = 4E2FE1F72436648E0010BD4F /* GatunekPiwa.swift */; };
		4E34A341243B86FF00D466A8 /* NagazowanieViewController.swift in Sources */ = {isa = PBXBuildFile; fileRef = 4E34A340243B86FF00D466A8 /* NagazowanieViewController.swift */; };
		4E34A343243B876C00D466A8 /* GestoscViewController.swift in Sources */ = {isa = PBXBuildFile; fileRef = 4E34A342243B876C00D466A8 /* GestoscViewController.swift */; };
		4E34A347243B892100D466A8 /* AlkoholViewController.swift in Sources */ = {isa = PBXBuildFile; fileRef = 4E34A346243B892100D466A8 /* AlkoholViewController.swift */; };
/* End PBXBuildFile section */

/* Begin PBXFileReference section */
		4E2FE1D924364D900010BD4F /* beerCalculator.app */ = {isa = PBXFileReference; explicitFileType = wrapper.application; includeInIndex = 0; path = beerCalculator.app; sourceTree = BUILT_PRODUCTS_DIR; };
		4E2FE1DC24364D900010BD4F /* AppDelegate.swift */ = {isa = PBXFileReference; lastKnownFileType = sourcecode.swift; path = AppDelegate.swift; sourceTree = "<group>"; };
		4E2FE1DE24364D900010BD4F /* SceneDelegate.swift */ = {isa = PBXFileReference; lastKnownFileType = sourcecode.swift; path = SceneDelegate.swift; sourceTree = "<group>"; };
		4E2FE1E024364D900010BD4F /* MenuViewController.swift */ = {isa = PBXFileReference; lastKnownFileType = sourcecode.swift; path = MenuViewController.swift; sourceTree = "<group>"; };
		4E2FE1E324364D900010BD4F /* Base */ = {isa = PBXFileReference; lastKnownFileType = file.storyboard; name = Base; path = Base.lproj/Main.storyboard; sourceTree = "<group>"; };
		4E2FE1E524364D940010BD4F /* Assets.xcassets */ = {isa = PBXFileReference; lastKnownFileType = folder.assetcatalog; path = Assets.xcassets; sourceTree = "<group>"; };
		4E2FE1E824364D940010BD4F /* Base */ = {isa = PBXFileReference; lastKnownFileType = file.storyboard; name = Base; path = Base.lproj/LaunchScreen.storyboard; sourceTree = "<group>"; };
		4E2FE1EA24364D940010BD4F /* Info.plist */ = {isa = PBXFileReference; lastKnownFileType = text.plist.xml; path = Info.plist; sourceTree = "<group>"; };
		4E2FE1F3243661AB0010BD4F /* GatunkiPiwa.swift */ = {isa = PBXFileReference; lastKnownFileType = sourcecode.swift; path = GatunkiPiwa.swift; sourceTree = "<group>"; };
		4E2FE1F72436648E0010BD4F /* GatunekPiwa.swift */ = {isa = PBXFileReference; lastKnownFileType = sourcecode.swift; path = GatunekPiwa.swift; sourceTree = "<group>"; };
		4E34A340243B86FF00D466A8 /* NagazowanieViewController.swift */ = {isa = PBXFileReference; lastKnownFileType = sourcecode.swift; path = NagazowanieViewController.swift; sourceTree = "<group>"; };
		4E34A342243B876C00D466A8 /* GestoscViewController.swift */ = {isa = PBXFileReference; lastKnownFileType = sourcecode.swift; path = GestoscViewController.swift; sourceTree = "<group>"; };
		4E34A346243B892100D466A8 /* AlkoholViewController.swift */ = {isa = PBXFileReference; lastKnownFileType = sourcecode.swift; path = AlkoholViewController.swift; sourceTree = "<group>"; };
/* End PBXFileReference section */

/* Begin PBXFrameworksBuildPhase section */
		4E2FE1D624364D900010BD4F /* Frameworks */ = {
			isa = PBXFrameworksBuildPhase;
			buildActionMask = 2147483647;
			files = (
			);
			runOnlyForDeploymentPostprocessing = 0;
		};
/* End PBXFrameworksBuildPhase section */

/* Begin PBXGroup section */
		4E2FE1D024364D900010BD4F = {
			isa = PBXGroup;
			children = (
				4E2FE1DB24364D900010BD4F /* beerCalculator */,
				4E2FE1DA24364D900010BD4F /* Products */,
			);
			sourceTree = "<group>";
		};
		4E2FE1DA24364D900010BD4F /* Products */ = {
			isa = PBXGroup;
			children = (
				4E2FE1D924364D900010BD4F /* beerCalculator.app */,
			);
			name = Products;
			sourceTree = "<group>";
		};
		4E2FE1DB24364D900010BD4F /* beerCalculator */ = {
			isa = PBXGroup;
			children = (
				4E2FE1DC24364D900010BD4F /* AppDelegate.swift */,
				4E2FE1DE24364D900010BD4F /* SceneDelegate.swift */,
				4E2FE1F224364DC40010BD4F /* Model */,
				4E2FE1F124364DB40010BD4F /* View */,
				4E2FE1F024364DA60010BD4F /* Controller */,
				4E2FE1E524364D940010BD4F /* Assets.xcassets */,
				4E2FE1E724364D940010BD4F /* LaunchScreen.storyboard */,
				4E2FE1EA24364D940010BD4F /* Info.plist */,
			);
			path = beerCalculator;
			sourceTree = "<group>";
		};
		4E2FE1F024364DA60010BD4F /* Controller */ = {
			isa = PBXGroup;
			children = (
				4E2FE1E024364D900010BD4F /* MenuViewController.swift */,
				4E34A340243B86FF00D466A8 /* NagazowanieViewController.swift */,
				4E34A342243B876C00D466A8 /* GestoscViewController.swift */,
				4E34A346243B892100D466A8 /* AlkoholViewController.swift */,
			);
			path = Controller;
			sourceTree = "<group>";
		};
		4E2FE1F124364DB40010BD4F /* View */ = {
			isa = PBXGroup;
			children = (
				4E2FE1E224364D900010BD4F /* Main.storyboard */,
			);
			path = View;
			sourceTree = "<group>";
		};
		4E2FE1F224364DC40010BD4F /* Model */ = {
			isa = PBXGroup;
			children = (
				4E2FE1F72436648E0010BD4F /* GatunekPiwa.swift */,
				4E2FE1F3243661AB0010BD4F /* GatunkiPiwa.swift */,
			);
			path = Model;
			sourceTree = "<group>";
		};
/* End PBXGroup section */

/* Begin PBXNativeTarget section */
		4E2FE1D824364D900010BD4F /* beerCalculator */ = {
			isa = PBXNativeTarget;
			buildConfigurationList = 4E2FE1ED24364D940010BD4F /* Build configuration list for PBXNativeTarget "beerCalculator" */;
			buildPhases = (
				4E2FE1D524364D900010BD4F /* Sources */,
				4E2FE1D624364D900010BD4F /* Frameworks */,
				4E2FE1D724364D900010BD4F /* Resources */,
			);
			buildRules = (
			);
			dependencies = (
			);
			name = beerCalculator;
			productName = beerCalculator;
			productReference = 4E2FE1D924364D900010BD4F /* beerCalculator.app */;
			productType = "com.apple.product-type.application";
		};
/* End PBXNativeTarget section */

/* Begin PBXProject section */
		4E2FE1D124364D900010BD4F /* Project object */ = {
			isa = PBXProject;
			attributes = {
				LastSwiftUpdateCheck = 1130;
				LastUpgradeCheck = 1130;
				ORGANIZATIONNAME = "Michał Massloch";
				TargetAttributes = {
					4E2FE1D824364D900010BD4F = {
						CreatedOnToolsVersion = 11.3.1;
					};
				};
			};
			buildConfigurationList = 4E2FE1D424364D900010BD4F /* Build configuration list for PBXProject "beerCalculator" */;
			compatibilityVersion = "Xcode 9.3";
			developmentRegion = en;
			hasScannedForEncodings = 0;
			knownRegions = (
				en,
				Base,
			);
			mainGroup = 4E2FE1D024364D900010BD4F;
			productRefGroup = 4E2FE1DA24364D900010BD4F /* Products */;
			projectDirPath = "";
			projectRoot = "";
			targets = (
				4E2FE1D824364D900010BD4F /* beerCalculator */,
			);
		};
/* End PBXProject section */

/* Begin PBXResourcesBuildPhase section */
		4E2FE1D724364D900010BD4F /* Resources */ = {
			isa = PBXResourcesBuildPhase;
			buildActionMask = 2147483647;
			files = (
				4E2FE1E924364D940010BD4F /* LaunchScreen.storyboard in Resources */,
				4E2FE1E624364D940010BD4F /* Assets.xcassets in Resources */,
				4E2FE1E424364D900010BD4F /* Main.storyboard in Resources */,
			);
			runOnlyForDeploymentPostprocessing = 0;
		};
/* End PBXResourcesBuildPhase section */

/* Begin PBXSourcesBuildPhase section */
		4E2FE1D524364D900010BD4F /* Sources */ = {
			isa = PBXSourcesBuildPhase;
			buildActionMask = 2147483647;
			files = (
				4E2FE1F4243661AB0010BD4F /* GatunkiPiwa.swift in Sources */,
				4E2FE1F82436648E0010BD4F /* GatunekPiwa.swift in Sources */,
				4E2FE1E124364D900010BD4F /* MenuViewController.swift in Sources */,
				4E34A341243B86FF00D466A8 /* NagazowanieViewController.swift in Sources */,
				4E2FE1DD24364D900010BD4F /* AppDelegate.swift in Sources */,
				4E34A343243B876C00D466A8 /* GestoscViewController.swift in Sources */,
				4E2FE1DF24364D900010BD4F /* SceneDelegate.swift in Sources */,
				4E34A347243B892100D466A8 /* AlkoholViewController.swift in Sources */,
			);
			runOnlyForDeploymentPostprocessing = 0;
		};
/* End PBXSourcesBuildPhase section */

/* Begin PBXVariantGroup section */
		4E2FE1E224364D900010BD4F /* Main.storyboard */ = {
			isa = PBXVariantGroup;
			children = (
				4E2FE1E324364D900010BD4F /* Base */,
			);
			name = Main.storyboard;
			sourceTree = "<group>";
		};
		4E2FE1E724364D940010BD4F /* LaunchScreen.storyboard */ = {
			isa = PBXVariantGroup;
			children = (
				4E2FE1E824364D940010BD4F /* Base */,
			);
			name = LaunchScreen.storyboard;
			sourceTree = "<group>";
		};
/* End PBXVariantGroup section */

/* Begin XCBuildConfiguration section */
		4E2FE1EB24364D940010BD4F /* Debug */ = {
			isa = XCBuildConfiguration;
			buildSettings = {
				ALWAYS_SEARCH_USER_PATHS = NO;
				CLANG_ANALYZER_NONNULL = YES;
				CLANG_ANALYZER_NUMBER_OBJECT_CONVERSION = YES_AGGRESSIVE;
				CLANG_CXX_LANGUAGE_STANDARD = "gnu++14";
				CLANG_CXX_LIBRARY = "libc++";
				CLANG_ENABLE_MODULES = YES;
				CLANG_ENABLE_OBJC_ARC = YES;
				CLANG_ENABLE_OBJC_WEAK = YES;
				CLANG_WARN_BLOCK_CAPTURE_AUTORELEASING = YES;
				CLANG_WARN_BOOL_CONVERSION = YES;
				CLANG_WARN_COMMA = YES;
				CLANG_WARN_CONSTANT_CONVERSION = YES;
				CLANG_WARN_DEPRECATED_OBJC_IMPLEMENTATIONS = YES;
				CLANG_WARN_DIRECT_OBJC_ISA_USAGE = YES_ERROR;
				CLANG_WARN_DOCUMENTATION_COMMENTS = YES;
				CLANG_WARN_EMPTY_BODY = YES;
				CLANG_WARN_ENUM_CONVERSION = YES;
				CLANG_WARN_INFINITE_RECURSION = YES;
				CLANG_WARN_INT_CONVERSION = YES;
				CLANG_WARN_NON_LITERAL_NULL_CONVERSION = YES;
				CLANG_WARN_OBJC_IMPLICIT_RETAIN_SELF = YES;
				CLANG_WARN_OBJC_LITERAL_CONVERSION = YES;
				CLANG_WARN_OBJC_ROOT_CLASS = YES_ERROR;
				CLANG_WARN_RANGE_LOOP_ANALYSIS = YES;
				CLANG_WARN_STRICT_PROTOTYPES = YES;
				CLANG_WARN_SUSPICIOUS_MOVE = YES;
				CLANG_WARN_UNGUARDED_AVAILABILITY = YES_AGGRESSIVE;
				CLANG_WARN_UNREACHABLE_CODE = YES;
				CLANG_WARN__DUPLICATE_METHOD_MATCH = YES;
				COPY_PHASE_STRIP = NO;
				DEBUG_INFORMATION_FORMAT = dwarf;
				ENABLE_STRICT_OBJC_MSGSEND = YES;
				ENABLE_TESTABILITY = YES;
				GCC_C_LANGUAGE_STANDARD = gnu11;
				GCC_DYNAMIC_NO_PIC = NO;
				GCC_NO_COMMON_BLOCKS = YES;
				GCC_OPTIMIZATION_LEVEL = 0;
				GCC_PREPROCESSOR_DEFINITIONS = (
					"DEBUG=1",
					"$(inherited)",
				);
				GCC_WARN_64_TO_32_BIT_CONVERSION = YES;
				GCC_WARN_ABOUT_RETURN_TYPE = YES_ERROR;
				GCC_WARN_UNDECLARED_SELECTOR = YES;
				GCC_WARN_UNINITIALIZED_AUTOS = YES_AGGRESSIVE;
				GCC_WARN_UNUSED_FUNCTION = YES;
				GCC_WARN_UNUSED_VARIABLE = YES;
				IPHONEOS_DEPLOYMENT_TARGET = 13.2;
				MTL_ENABLE_DEBUG_INFO = INCLUDE_SOURCE;
				MTL_FAST_MATH = YES;
				ONLY_ACTIVE_ARCH = YES;
				SDKROOT = iphoneos;
				SWIFT_ACTIVE_COMPILATION_CONDITIONS = DEBUG;
				SWIFT_OPTIMIZATION_LEVEL = "-Onone";
			};
			name = Debug;
		};
		4E2FE1EC24364D940010BD4F /* Release */ = {
			isa = XCBuildConfiguration;
			buildSettings = {
				ALWAYS_SEARCH_USER_PATHS = NO;
				CLANG_ANALYZER_NONNULL = YES;
				CLANG_ANALYZER_NUMBER_OBJECT_CONVERSION = YES_AGGRESSIVE;
				CLANG_CXX_LANGUAGE_STANDARD = "gnu++14";
				CLANG_CXX_LIBRARY = "libc++";
				CLANG_ENABLE_MODULES = YES;
				CLANG_ENABLE_OBJC_ARC = YES;
				CLANG_ENABLE_OBJC_WEAK = YES;
				CLANG_WARN_BLOCK_CAPTURE_AUTORELEASING = YES;
				CLANG_WARN_BOOL_CONVERSION = YES;
				CLANG_WARN_COMMA = YES;
				CLANG_WARN_CONSTANT_CONVERSION = YES;
				CLANG_WARN_DEPRECATED_OBJC_IMPLEMENTATIONS = YES;
				CLANG_WARN_DIRECT_OBJC_ISA_USAGE = YES_ERROR;
				CLANG_WARN_DOCUMENTATION_COMMENTS = YES;
				CLANG_WARN_EMPTY_BODY = YES;
				CLANG_WARN_ENUM_CONVERSION = YES;
				CLANG_WARN_INFINITE_RECURSION = YES;
				CLANG_WARN_INT_CONVERSION = YES;
				CLANG_WARN_NON_LITERAL_NULL_CONVERSION = YES;
				CLANG_WARN_OBJC_IMPLICIT_RETAIN_SELF = YES;
				CLANG_WARN_OBJC_LITERAL_CONVERSION = YES;
				CLANG_WARN_OBJC_ROOT_CLASS = YES_ERROR;
				CLANG_WARN_RANGE_LOOP_ANALYSIS = YES;
				CLANG_WARN_STRICT_PROTOTYPES = YES;
				CLANG_WARN_SUSPICIOUS_MOVE = YES;
				CLANG_WARN_UNGUARDED_AVAILABILITY = YES_AGGRESSIVE;
				CLANG_WARN_UNREACHABLE_CODE = YES;
				CLANG_WARN__DUPLICATE_METHOD_MATCH = YES;
				COPY_PHASE_STRIP = NO;
				DEBUG_INFORMATION_FORMAT = "dwarf-with-dsym";
				ENABLE_NS_ASSERTIONS = NO;
				ENABLE_STRICT_OBJC_MSGSEND = YES;
				GCC_C_LANGUAGE_STANDARD = gnu11;
				GCC_NO_COMMON_BLOCKS = YES;
				GCC_WARN_64_TO_32_BIT_CONVERSION = YES;
				GCC_WARN_ABOUT_RETURN_TYPE = YES_ERROR;
				GCC_WARN_UNDECLARED_SELECTOR = YES;
				GCC_WARN_UNINITIALIZED_AUTOS = YES_AGGRESSIVE;
				GCC_WARN_UNUSED_FUNCTION = YES;
				GCC_WARN_UNUSED_VARIABLE = YES;
				IPHONEOS_DEPLOYMENT_TARGET = 13.2;
				MTL_ENABLE_DEBUG_INFO = NO;
				MTL_FAST_MATH = YES;
				SDKROOT = iphoneos;
				SWIFT_COMPILATION_MODE = wholemodule;
				SWIFT_OPTIMIZATION_LEVEL = "-O";
				VALIDATE_PRODUCT = YES;
			};
			name = Release;
		};
		4E2FE1EE24364D940010BD4F /* Debug */ = {
			isa = XCBuildConfiguration;
			buildSettings = {
				ASSETCATALOG_COMPILER_APPICON_NAME = AppIcon;
				CODE_SIGN_STYLE = Automatic;
				DEVELOPMENT_TEAM = UA4CL74R46;
				INFOPLIST_FILE = beerCalculator/Info.plist;
				LD_RUNPATH_SEARCH_PATHS = (
					"$(inherited)",
					"@executable_path/Frameworks",
				);
				PRODUCT_BUNDLE_IDENTIFIER = myhau.beerCalculator;
				PRODUCT_NAME = "$(TARGET_NAME)";
				SWIFT_VERSION = 5.0;
				TARGETED_DEVICE_FAMILY = "1,2";
			};
			name = Debug;
		};
		4E2FE1EF24364D940010BD4F /* Release */ = {
			isa = XCBuildConfiguration;
			buildSettings = {
				ASSETCATALOG_COMPILER_APPICON_NAME = AppIcon;
				CODE_SIGN_STYLE = Automatic;
				DEVELOPMENT_TEAM = UA4CL74R46;
				INFOPLIST_FILE = beerCalculator/Info.plist;
				LD_RUNPATH_SEARCH_PATHS = (
					"$(inherited)",
					"@executable_path/Frameworks",
				);
				PRODUCT_BUNDLE_IDENTIFIER = myhau.beerCalculator;
				PRODUCT_NAME = "$(TARGET_NAME)";
				SWIFT_VERSION = 5.0;
				TARGETED_DEVICE_FAMILY = "1,2";
			};
			name = Release;
		};
/* End XCBuildConfiguration section */

/* Begin XCConfigurationList section */
		4E2FE1D424364D900010BD4F /* Build configuration list for PBXProject "beerCalculator" */ = {
			isa = XCConfigurationList;
			buildConfigurations = (
				4E2FE1EB24364D940010BD4F /* Debug */,
				4E2FE1EC24364D940010BD4F /* Release */,
			);
			defaultConfigurationIsVisible = 0;
			defaultConfigurationName = Release;
		};
		4E2FE1ED24364D940010BD4F /* Build configuration list for PBXNativeTarget "beerCalculator" */ = {
			isa = XCConfigurationList;
			buildConfigurations = (
				4E2FE1EE24364D940010BD4F /* Debug */,
				4E2FE1EF24364D940010BD4F /* Release */,
			);
			defaultConfigurationIsVisible = 0;
			defaultConfigurationName = Release;
		};
/* End XCConfigurationList section */
	};
	rootObject = 4E2FE1D124364D900010BD4F /* Project object */;
}
